
Microsoft Visual Studio Solution File, Format Version 12.00
# Visual Studio Version 17
VisualStudioVersion = 17.4.33213.308
MinimumVisualStudioVersion = 10.0.40219.1
Project("{FAE04EC0-301F-11D3-BF4B-00C04F79EFBC}") = "Api", "Api\Api.csproj", "{496A5657-8C84-401A-9860-DEA53346508A}"
EndProject
Project("{FAE04EC0-301F-11D3-BF4B-00C04F79EFBC}") = "ClassTracking.Domain", "ClassTracking.Domain\ClassTracking.Domain.csproj", "{80AA1E57-5F7D-48FB-B31A-0942B313E250}"
EndProject
Project("{FAE04EC0-301F-11D3-BF4B-00C04F79EFBC}") = "ClassTracking.IOC", "ClassTracking.IOC\ClassTracking.IOC.csproj", "{AB6DA253-0062-4DCC-8EAA-A239EBEA780C}"
EndProject
Project("{FAE04EC0-301F-11D3-BF4B-00C04F79EFBC}") = "ClassTracking.Service", "ClassTracking.Service\ClassTracking.Service.csproj", "{407B387A-5F30-485F-8520-2C0FC3E95153}"
EndProject
Project("{FAE04EC0-301F-11D3-BF4B-00C04F79EFBC}") = "ClassTracking.Repository", "ClassTracking.Repository\ClassTracking.Repository.csproj", "{0A08D164-8E66-4C89-9A54-472F81012A5A}"
EndProject
Global
	GlobalSection(SolutionConfigurationPlatforms) = preSolution
		Debug|Any CPU = Debug|Any CPU
		Release|Any CPU = Release|Any CPU
	EndGlobalSection
	GlobalSection(ProjectConfigurationPlatforms) = postSolution
		{496A5657-8C84-401A-9860-DEA53346508A}.Debug|Any CPU.ActiveCfg = Debug|Any CPU
		{496A5657-8C84-401A-9860-DEA53346508A}.Debug|Any CPU.Build.0 = Debug|Any CPU
		{496A5657-8C84-401A-9860-DEA53346508A}.Release|Any CPU.ActiveCfg = Release|Any CPU
		{496A5657-8C84-401A-9860-DEA53346508A}.Release|Any CPU.Build.0 = Release|Any CPU
		{80AA1E57-5F7D-48FB-B31A-0942B313E250}.Debug|Any CPU.ActiveCfg = Debug|Any CPU
		{80AA1E57-5F7D-48FB-B31A-0942B313E250}.Debug|Any CPU.Build.0 = Debug|Any CPU
		{80AA1E57-5F7D-48FB-B31A-0942B313E250}.Release|Any CPU.ActiveCfg = Release|Any CPU
		{80AA1E57-5F7D-48FB-B31A-0942B313E250}.Release|Any CPU.Build.0 = Release|Any CPU
		{AB6DA253-0062-4DCC-8EAA-A239EBEA780C}.Debug|Any CPU.ActiveCfg = Debug|Any CPU
		{AB6DA253-0062-4DCC-8EAA-A239EBEA780C}.Debug|Any CPU.Build.0 = Debug|Any CPU
		{AB6DA253-0062-4DCC-8EAA-A239EBEA780C}.Release|Any CPU.ActiveCfg = Release|Any CPU
		{AB6DA253-0062-4DCC-8EAA-A239EBEA780C}.Release|Any CPU.Build.0 = Release|Any CPU
		{407B387A-5F30-485F-8520-2C0FC3E95153}.Debug|Any CPU.ActiveCfg = Debug|Any CPU
		{407B387A-5F30-485F-8520-2C0FC3E95153}.Debug|Any CPU.Build.0 = Debug|Any CPU
		{407B387A-5F30-485F-8520-2C0FC3E95153}.Release|Any CPU.ActiveCfg = Release|Any CPU
		{407B387A-5F30-485F-8520-2C0FC3E95153}.Release|Any CPU.Build.0 = Release|Any CPU
		{0A08D164-8E66-4C89-9A54-472F81012A5A}.Debug|Any CPU.ActiveCfg = Debug|Any CPU
		{0A08D164-8E66-4C89-9A54-472F81012A5A}.Debug|Any CPU.Build.0 = Debug|Any CPU
		{0A08D164-8E66-4C89-9A54-472F81012A5A}.Release|Any CPU.ActiveCfg = Release|Any CPU
		{0A08D164-8E66-4C89-9A54-472F81012A5A}.Release|Any CPU.Build.0 = Release|Any CPU
	EndGlobalSection
	GlobalSection(SolutionProperties) = preSolution
		HideSolutionNode = FALSE
	EndGlobalSection
	GlobalSection(ExtensibilityGlobals) = postSolution
		SolutionGuid = {EF924B92-0A81-4D2D-B8E1-B7C37FC7E9D5}
	EndGlobalSection
EndGlobal
